{"1.1.0",
[{<<"clj">>,
  {git,"git://github.com/lfex/clj",
       {ref,"10fec22c8b01055efc26023272251d5d1e1112be"}},
  0},
 {<<"exemplar">>,
  {git,"git://github.com/lfex/exemplar.git",
       {ref,"c2035e6cae400d146c37f1345a3ab24928234436"}},
  0},
 {<<"jsx">>,{pkg,<<"jsx">>,<<"2.8.0">>},0},
 {<<"kla">>,
  {git,"https://github.com/lfex/kla.git",
       {ref,"495cfa95682a3962ddd527c935a5afa6b808f848"}},
  1},
 {<<"levaindoc">>,
  {git,"git://github.com/quasiquoting/levaindoc.git",
       {ref,"b924c26c2ad430abf7183c77becacfda27965176"}},
  0},
 {<<"lfe">>,{pkg,<<"lfe">>,<<"1.1.1">>},0},
 {<<"lfe-version">>,
  {git,"https://github.com/lfe-rebar3/version.git",
       {ref,"94140845563f96d2a6fb356524d867b906088b20"}},
  2},
 {<<"lutil">>,
  {git,"git://github.com/lfex/lutil.git",
       {ref,"0ee02e01d643caba7a0b8365c477aea8d92bf309"}},
  1}]}.
[
{pkg_hash,[
 {<<"jsx">>, <<"749BEC6D205C694AE1786D62CEA6CC45A390437E24835FD16D12D74F07097727">>},
 {<<"lfe">>, <<"F57D2D705AB239CE171318DD31F4E374558266A88E1435F91045C1E8A2965D9C">>}]}
].
