[{<<"clj">>,{github,"lfex/clj",{tag,"0.4.1"}},0},
 {<<"exemplar">>,{github,"lfex/exemplar",{tag,"0.4.1"}},0},
 {<<"kla">>,{github,"lfex/kla",{tag,"0.6.1"}},1},
 {<<"levaindoc">>,{github,"quasiquoting/levaindoc",{tag,"0.5.1"}},0},
 {<<"lfe">>,
  {git,"https://github.com/rvirding/lfe",
       {ref,"37436cbba84659ebe9e34cda99b1c5937a762e7a"}},
  0},
 {<<"lfe-version">>,{github,"lfe-rebar3/version",{tag,"0.3.2"}},2},
 {<<"lutil">>,{github,"lfex/lutil",{tag,"0.8.1"}},1}].
