[{<<"clj">>,
  {git,"git://github.com/lfex/clj.git",
       {ref,"5d08c686a5ee64e7c890abc81e03de23e7e4de73"}},
  0},
 {<<"exemplar">>,
  {git,"git://github.com/lfex/exemplar.git",
       {ref,"7601749de6b581afd31c61d5770d767204f616f7"}},
  0},
 {<<"kla">>,
  {git,"git://github.com/lfex/kla.git",
       {ref,"d124129b54f05f339dfdf98789a86c2bb50692de"}},
  1},
 {<<"levaindoc">>,
  {git,"git://github.com/quasiquoting/levaindoc.git",
       {ref,"6a1ca206b9e45f9c9188a71b325d0049ca045e18"}},
  0},
 {<<"lfe">>,
  {git,"git://github.com/rvirding/lfe.git",
       {ref,"1954340aa44abe74e848ec9abdfc9f9738c62361"}},
  0},
 {<<"lfe-version">>,
  {git,"https://github.com/lfe-rebar3/version.git",
       {ref,"76919956b78112b86bbe5972ffc136741d708f10"}},
  2},
 {<<"lutil">>,
  {git,"git://github.com/lfex/lutil.git",
       {ref,"c3b30318e1f1822b6bb75f652dc2e8f6b3bd7e9e"}},
  1}].
